github.com/frieser/nordigen-go-lib/v2 v2.1.6 h1:DFj7wmqDIfUS9u5y+uO7elYj8OjUfH4cWx3qf4kGl/I=
github.com/frieser/nordigen-go-lib/v2 v2.1.6/go.mod h1:NejYisqD8GvynCN0vDGw7J66slnj7jB25c8tS1tr8bw=
github.com/google/uuid v1.6.0 h1:NIvaJDMOsjHA8n1jAhLSgzrAzy1Hgr+hNrb57e+94F0=
github.com/google/uuid v1.6.0/go.mod h1:TIyPZe4MgqvfeYDBFedMoGGpEw/LqOeaOT+nhxU+yHo=
github.com/joho/godotenv v1.5.1 h1:7eLL/+HRGLY0ldzfGMeQkb7vMd0as4CfYvUVzLqw0N0=
github.com/joho/godotenv v1.5.1/go.mod h1:f4LDr5Voq0i2e/R5DDNOoa2zzDfwtkZa6DnEwAbqwq4=
github.com/ricardograndecros/go-nordigen v1.0.1-alpha h1:shKJCgOyUA35rzW6Yz4/FFyUC8XULFvTawgZgeCPfCg=
github.com/ricardograndecros/go-nordigen v1.0.1-alpha/go.mod h1:CK6TUB+q++1uw8VG8tcvwEZVj5HtVW4ZlwrZViNSs7o=
